{
  "name": "multiple_versions",
  "version": "1.0.0",
  "lockfileVersion": 3,
  "requires": true,
  "packages": {
    "": {
      "name": "multiple_versions",
      "version": "1.0.0",
      "workspaces": [
        "packages/*"
      ]
    },
    "node_modules/app1": {
      "resolved": "packages/app1",
      "link": true
    },
    "node_modules/app2": {
      "resolved": "packages/app2",
      "link": true
    },
    "node_modules/app3": {
      "resolved": "packages/app3",
      "link": true
    },
    "node_modules/lodash": {
      "resolved": "packages/lodash",
      "link": true
    },
    "packages/allthemaths": {
      "name": "maths",
      "version": "0.1.0",
      "extraneous": true
    },
    "packages/app1": {
      "version": "0.1.0",
      "dependencies": {
        "lodash": "*"
      }
    },
    "packages/app2": {
      "version": "0.1.0",
      "dependencies": {
        "lodash": "4.x"
      }
    },
    "packages/app2/node_modules/lodash": {
      "version": "4.17.21",
      "resolved": "https://registry.npmjs.org/lodash/-/lodash-4.17.21.tgz",
      "integrity": "sha512-v2kDEe57lecTulaDIuNTPy3Ry4gLGJ6Z1O3vE1krgXZNrsQ+LFTGHVxVjcXPs17LhbZVGedAJv8XZ1tvj5FvSg=="
    },
    "packages/app3": {
      "version": "0.1.0",
      "dependencies": {
        "lodash": "3.x"
      }
    },
    "packages/app3/node_modules/lodash": {
      "version": "3.10.1",
      "resolved": "https://registry.npmjs.org/lodash/-/lodash-3.10.1.tgz",
      "integrity": "sha512-9mDDwqVIma6OZX79ZlDACZl8sBm0TEnkf99zV3iMA4GzkIT/9hiqP5mY0HoT1iNLCrKc/R1HByV+yJfRWVJryQ=="
    },
    "packages/lodash": {
      "version": "9.9.9"
    },
    "packages/maths": {
      "version": "0.2.0",
      "extraneous": true
    }
  }
}
